
Microsoft Visual Studio Solution File, Format Version 12.00
# Visual Studio Version 16
VisualStudioVersion = 16.0.29709.97
MinimumVisualStudioVersion = 10.0.40219.1
Project("{888888A0-9F3D-457C-B088-3A5042F75D52}") = "simplified", "simplified.pyproj", "{30876710-D626-4EA4-86F1-5AAF3BCCA4E6}"
EndProject
Global
	GlobalSection(SolutionConfigurationPlatforms) = preSolution
		Debug|Any CPU = Debug|Any CPU
		Release|Any CPU = Release|Any CPU
	EndGlobalSection
	GlobalSection(ProjectConfigurationPlatforms) = postSolution
		{30876710-D626-4EA4-86F1-5AAF3BCCA4E6}.Debug|Any CPU.ActiveCfg = Debug|Any CPU
		{30876710-D626-4EA4-86F1-5AAF3BCCA4E6}.Debug|Any CPU.Build.0 = Debug|Any CPU
		{30876710-D626-4EA4-86F1-5AAF3BCCA4E6}.Release|Any CPU.ActiveCfg = Release|Any CPU
		{30876710-D626-4EA4-86F1-5AAF3BCCA4E6}.Release|Any CPU.Build.0 = Release|Any CPU
	EndGlobalSection
	GlobalSection(SolutionProperties) = preSolution
		HideSolutionNode = FALSE
	EndGlobalSection
	GlobalSection(ExtensibilityGlobals) = postSolution
		SolutionGuid = {451D071B-8C28-4829-8C7C-CF51D4C043C8}
	EndGlobalSection
EndGlobal
